
Microsoft Visual Studio Solution File, Format Version 12.00
# Visual Studio Version 17
VisualStudioVersion = 17.11.35312.102
MinimumVisualStudioVersion = 10.0.40219.1
Project("{FAE04EC0-301F-11D3-BF4B-00C04F79EFBC}") = "PutujPovoljnije.API", "PutujPovoljnije\PutujPovoljnije.API.csproj", "{25CB0FDA-BD28-4B69-83B7-2EBD989B3D63}"
EndProject
Project("{FAE04EC0-301F-11D3-BF4B-00C04F79EFBC}") = "PutujPovoljnije.Domain", "PutujPovoljnije.Domain\PutujPovoljnije.Domain.csproj", "{BCC6F5F0-EB6D-407F-B120-9A51B49CCBAC}"
EndProject
Project("{FAE04EC0-301F-11D3-BF4B-00C04F79EFBC}") = "PutujPovoljnije.Application", "PutujPovoljnije.Application\PutujPovoljnije.Application.csproj", "{949F64B0-95BF-4667-8490-2CFC4D8FEBB4}"
EndProject
Project("{FAE04EC0-301F-11D3-BF4B-00C04F79EFBC}") = "PutujPovoljnije.Infrastructure", "PutujPovoljnije.Infrastructure\PutujPovoljnije.Infrastructure.csproj", "{E622C9A1-8EB4-43FC-9AF5-FAC98CA408AA}"
EndProject
Project("{54A90642-561A-4BB1-A94E-469ADEE60C69}") = "putujpovoljnije.app", "PutujPovoljnije.App\putujpovoljnije.app.esproj", "{7E071C8D-4EEE-4ADE-B7E1-411AFD63147C}"
EndProject
Global
	GlobalSection(SolutionConfigurationPlatforms) = preSolution
		Debug|Any CPU = Debug|Any CPU
		Release|Any CPU = Release|Any CPU
	EndGlobalSection
	GlobalSection(ProjectConfigurationPlatforms) = postSolution
		{25CB0FDA-BD28-4B69-83B7-2EBD989B3D63}.Debug|Any CPU.ActiveCfg = Debug|Any CPU
		{25CB0FDA-BD28-4B69-83B7-2EBD989B3D63}.Debug|Any CPU.Build.0 = Debug|Any CPU
		{25CB0FDA-BD28-4B69-83B7-2EBD989B3D63}.Release|Any CPU.ActiveCfg = Release|Any CPU
		{25CB0FDA-BD28-4B69-83B7-2EBD989B3D63}.Release|Any CPU.Build.0 = Release|Any CPU
		{BCC6F5F0-EB6D-407F-B120-9A51B49CCBAC}.Debug|Any CPU.ActiveCfg = Debug|Any CPU
		{BCC6F5F0-EB6D-407F-B120-9A51B49CCBAC}.Debug|Any CPU.Build.0 = Debug|Any CPU
		{BCC6F5F0-EB6D-407F-B120-9A51B49CCBAC}.Release|Any CPU.ActiveCfg = Release|Any CPU
		{BCC6F5F0-EB6D-407F-B120-9A51B49CCBAC}.Release|Any CPU.Build.0 = Release|Any CPU
		{949F64B0-95BF-4667-8490-2CFC4D8FEBB4}.Debug|Any CPU.ActiveCfg = Debug|Any CPU
		{949F64B0-95BF-4667-8490-2CFC4D8FEBB4}.Debug|Any CPU.Build.0 = Debug|Any CPU
		{949F64B0-95BF-4667-8490-2CFC4D8FEBB4}.Release|Any CPU.ActiveCfg = Release|Any CPU
		{949F64B0-95BF-4667-8490-2CFC4D8FEBB4}.Release|Any CPU.Build.0 = Release|Any CPU
		{E622C9A1-8EB4-43FC-9AF5-FAC98CA408AA}.Debug|Any CPU.ActiveCfg = Debug|Any CPU
		{E622C9A1-8EB4-43FC-9AF5-FAC98CA408AA}.Debug|Any CPU.Build.0 = Debug|Any CPU
		{E622C9A1-8EB4-43FC-9AF5-FAC98CA408AA}.Release|Any CPU.ActiveCfg = Release|Any CPU
		{E622C9A1-8EB4-43FC-9AF5-FAC98CA408AA}.Release|Any CPU.Build.0 = Release|Any CPU
		{7E071C8D-4EEE-4ADE-B7E1-411AFD63147C}.Debug|Any CPU.ActiveCfg = Debug|Any CPU
		{7E071C8D-4EEE-4ADE-B7E1-411AFD63147C}.Debug|Any CPU.Build.0 = Debug|Any CPU
		{7E071C8D-4EEE-4ADE-B7E1-411AFD63147C}.Debug|Any CPU.Deploy.0 = Debug|Any CPU
		{7E071C8D-4EEE-4ADE-B7E1-411AFD63147C}.Release|Any CPU.ActiveCfg = Release|Any CPU
		{7E071C8D-4EEE-4ADE-B7E1-411AFD63147C}.Release|Any CPU.Build.0 = Release|Any CPU
		{7E071C8D-4EEE-4ADE-B7E1-411AFD63147C}.Release|Any CPU.Deploy.0 = Release|Any CPU
	EndGlobalSection
	GlobalSection(SolutionProperties) = preSolution
		HideSolutionNode = FALSE
	EndGlobalSection
	GlobalSection(ExtensibilityGlobals) = postSolution
		SolutionGuid = {81C046B8-30FB-44B1-B7C6-C67BB6D3ECE1}
	EndGlobalSection
EndGlobal
